
Microsoft Visual Studio Solution File, Format Version 12.00
# Visual Studio 14
VisualStudioVersion = 14.0.25420.1
MinimumVisualStudioVersion = 10.0.40219.1
Project("{2150E333-8FDC-42A3-9474-1A3956D46DE8}") = "src", "src", "{CE7E155F-0FD5-400A-AE03-35E2FE1E00CB}"
EndProject
Project("{2150E333-8FDC-42A3-9474-1A3956D46DE8}") = "Solution Items", "Solution Items", "{306C2F53-DEF9-48E6-B446-C347886422DD}"
	ProjectSection(SolutionItems) = preProject
		global.json = global.json
	EndProjectSection
EndProject
Project("{2150E333-8FDC-42A3-9474-1A3956D46DE8}") = "SimpleFactory", "SimpleFactory", "{9791E717-286F-420C-9B52-93AD2C2BF21A}"
EndProject
Project("{FAE04EC0-301F-11D3-BF4B-00C04F79EFBC}") = "Demo01_SimpleFactory", "src\Simple Factory\Demo01_SimpleFactory\Demo01_SimpleFactory.csproj", "{86A9E138-C5CE-4A39-B936-DF43740BF6A8}"
EndProject
Project("{2150E333-8FDC-42A3-9474-1A3956D46DE8}") = "Strategy", "Strategy", "{93AC4FBE-4D51-45D0-9AA7-BA4477F9C30C}"
EndProject
Project("{FAE04EC0-301F-11D3-BF4B-00C04F79EFBC}") = "Demo01_Strategy", "src\Strategy\Demo01_Strategy\Demo01_Strategy.csproj", "{536657A1-22B3-4296-98B7-769178898BB4}"
EndProject
Project("{2150E333-8FDC-42A3-9474-1A3956D46DE8}") = "Decorator", "Decorator", "{A40DD949-34D1-44B8-97CD-B419C8686A73}"
EndProject
Project("{FAE04EC0-301F-11D3-BF4B-00C04F79EFBC}") = "Demo01_Decorator", "src\Decorator\Demo01_Decorator\Demo01_Decorator.csproj", "{A8E48DAD-2F71-472B-B9CE-4A1C951AF430}"
EndProject
Project("{FAE04EC0-301F-11D3-BF4B-00C04F79EFBC}") = "Demo02_Strategy_SimpleFactory", "src\Strategy\Demo02_Strategy_SimpleFactory\Demo02_Strategy_SimpleFactory.csproj", "{1D794029-046D-431A-ABAF-9804527C63F9}"
EndProject
Project("{2150E333-8FDC-42A3-9474-1A3956D46DE8}") = "Proxy", "Proxy", "{826A0286-1B72-4B59-9703-5CD8BB269FF4}"
EndProject
Project("{FAE04EC0-301F-11D3-BF4B-00C04F79EFBC}") = "Demo01_Proxy", "src\Proxy\Demo01_Proxy\Demo01_Proxy.csproj", "{A0881736-8C43-47F1-8C0F-B9F2F65E552D}"
EndProject
Project("{FAE04EC0-301F-11D3-BF4B-00C04F79EFBC}") = "Demo02_Decorator", "src\Decorator\Demo02_Decorator\Demo02_Decorator.csproj", "{FB030AC0-3B0D-4239-B0FB-BADAEE0BBB1C}"
EndProject
Project("{FAE04EC0-301F-11D3-BF4B-00C04F79EFBC}") = "Demo02_Proxy", "src\Proxy\Demo02_Proxy\Demo02_Proxy.csproj", "{D8EE892E-9001-4EAF-A10A-8098C7D2ED20}"
EndProject
Project("{2150E333-8FDC-42A3-9474-1A3956D46DE8}") = "FactoryMethod", "FactoryMethod", "{9AED8965-2BE7-45D4-9AD7-073ACE45E68A}"
EndProject
Project("{FAE04EC0-301F-11D3-BF4B-00C04F79EFBC}") = "Demo01_FactoryMethod", "src\Factory Method\Demo01_FactoryMethod\Demo01_FactoryMethod.csproj", "{CEF9BB12-0B0C-4DAF-AA68-D7A03B2B381C}"
EndProject
Project("{2150E333-8FDC-42A3-9474-1A3956D46DE8}") = "ProtoType", "ProtoType", "{2D0F8A1C-A149-43A7-921E-95DAB25C7259}"
EndProject
Project("{FAE04EC0-301F-11D3-BF4B-00C04F79EFBC}") = "Demo01_ProtoType_ShallowCopy", "src\Prototype\Demo01_ProtoType_ShallowCopy\Demo01_ProtoType_ShallowCopy.csproj", "{62CA66B2-5377-48C7-9A7E-826413DEFABC}"
EndProject
Project("{FAE04EC0-301F-11D3-BF4B-00C04F79EFBC}") = "Demo02_ProtoType_DeepCopy", "src\Prototype\Demo02_ProtoType_DeepCopy\Demo02_ProtoType_DeepCopy.csproj", "{F8DDAB59-0C64-473C-BF45-E46A476A5039}"
EndProject
Project("{FAE04EC0-301F-11D3-BF4B-00C04F79EFBC}") = "Demo02_FactoryMethod", "src\Factory Method\Demo02_FactoryMethod\Demo02_FactoryMethod.csproj", "{C1A56165-1E51-41A0-B2A4-84B135AA5473}"
EndProject
Project("{2150E333-8FDC-42A3-9474-1A3956D46DE8}") = "Facade", "Facade", "{937D7E5A-2868-408A-8DF1-9954E164C4E3}"
EndProject
Project("{2150E333-8FDC-42A3-9474-1A3956D46DE8}") = "Builder", "Builder", "{ABCD48EA-1D8D-4C99-91A0-7A21DD324155}"
EndProject
Project("{FAE04EC0-301F-11D3-BF4B-00C04F79EFBC}") = "Demo01_Builder", "src\Builder\Demo01_Builder\Demo01_Builder.csproj", "{9F859BD9-D4C7-4A17-829C-C5E23907C0A6}"
EndProject
Project("{FAE04EC0-301F-11D3-BF4B-00C04F79EFBC}") = "Demo01_Facade", "src\Facade\Demo01_Facade\Demo01_Facade.csproj", "{630875B3-2C32-4453-B48C-BB278ED0339C}"
EndProject
Project("{2150E333-8FDC-42A3-9474-1A3956D46DE8}") = "Observer", "Observer", "{1696A757-EE7B-4B7F-8AF2-030D853B5A17}"
EndProject
Project("{8BB2217D-0F2D-49D1-97BC-3654ED321F3B}") = "Demo01_Observer", "src\Observer\Demo01_Observer\Demo01_Observer.xproj", "{66C83AC4-A786-4DDE-9230-7831A40DD3EA}"
EndProject
Project("{FAE04EC0-301F-11D3-BF4B-00C04F79EFBC}") = "Demo02_Observer_delegate", "src\Observer\Demo02_Observer_delegate\Demo02_Observer_delegate.csproj", "{878C6897-33E3-4854-A307-22CC7A39A292}"
EndProject
Project("{2150E333-8FDC-42A3-9474-1A3956D46DE8}") = "AbstractFactory", "AbstractFactory", "{10DF9827-08FC-4B48-BB94-8350D5BBC1C2}"
EndProject
Project("{FAE04EC0-301F-11D3-BF4B-00C04F79EFBC}") = "Demo01_AbstractFactory", "src\Abstract Factory\Demo01_AbstractFactory\Demo01_AbstractFactory.csproj", "{C3D8DE74-99A9-4C6A-BB36-387D16B735EB}"
EndProject
Project("{FAE04EC0-301F-11D3-BF4B-00C04F79EFBC}") = "Demo02_AbstractFactory_SimpleFactory", "src\Abstract Factory\Demo02_AbstractFactory_SimpleFactory\Demo02_AbstractFactory_SimpleFactory.csproj", "{343B0FE6-3287-443B-980B-BF206C85DE50}"
EndProject
Project("{FAE04EC0-301F-11D3-BF4B-00C04F79EFBC}") = "Demo03_AbstractFactory_Reflection", "src\Abstract Factory\Demo03_AbstractFactory_Reflection\Demo03_AbstractFactory_Reflection.csproj", "{44AA5F01-12B2-495E-B552-C1478139B610}"
EndProject
Project("{2150E333-8FDC-42A3-9474-1A3956D46DE8}") = "State", "State", "{74373AEE-0EBF-4787-8623-7EBE82BE1783}"
EndProject
Project("{FAE04EC0-301F-11D3-BF4B-00C04F79EFBC}") = "Demo01_State", "src\State\Demo01_State\Demo01_State.csproj", "{31B7198B-70A7-4D30-BF73-FBB69553DDBB}"
EndProject
Global
	GlobalSection(SolutionConfigurationPlatforms) = preSolution
		Debug|Any CPU = Debug|Any CPU
		Release|Any CPU = Release|Any CPU
	EndGlobalSection
	GlobalSection(ProjectConfigurationPlatforms) = postSolution
		{86A9E138-C5CE-4A39-B936-DF43740BF6A8}.Debug|Any CPU.ActiveCfg = Debug|Any CPU
		{86A9E138-C5CE-4A39-B936-DF43740BF6A8}.Debug|Any CPU.Build.0 = Debug|Any CPU
		{86A9E138-C5CE-4A39-B936-DF43740BF6A8}.Release|Any CPU.ActiveCfg = Release|Any CPU
		{86A9E138-C5CE-4A39-B936-DF43740BF6A8}.Release|Any CPU.Build.0 = Release|Any CPU
		{536657A1-22B3-4296-98B7-769178898BB4}.Debug|Any CPU.ActiveCfg = Debug|Any CPU
		{536657A1-22B3-4296-98B7-769178898BB4}.Debug|Any CPU.Build.0 = Debug|Any CPU
		{536657A1-22B3-4296-98B7-769178898BB4}.Release|Any CPU.ActiveCfg = Release|Any CPU
		{536657A1-22B3-4296-98B7-769178898BB4}.Release|Any CPU.Build.0 = Release|Any CPU
		{A8E48DAD-2F71-472B-B9CE-4A1C951AF430}.Debug|Any CPU.ActiveCfg = Debug|Any CPU
		{A8E48DAD-2F71-472B-B9CE-4A1C951AF430}.Debug|Any CPU.Build.0 = Debug|Any CPU
		{A8E48DAD-2F71-472B-B9CE-4A1C951AF430}.Release|Any CPU.ActiveCfg = Release|Any CPU
		{A8E48DAD-2F71-472B-B9CE-4A1C951AF430}.Release|Any CPU.Build.0 = Release|Any CPU
		{1D794029-046D-431A-ABAF-9804527C63F9}.Debug|Any CPU.ActiveCfg = Debug|Any CPU
		{1D794029-046D-431A-ABAF-9804527C63F9}.Debug|Any CPU.Build.0 = Debug|Any CPU
		{1D794029-046D-431A-ABAF-9804527C63F9}.Release|Any CPU.ActiveCfg = Release|Any CPU
		{1D794029-046D-431A-ABAF-9804527C63F9}.Release|Any CPU.Build.0 = Release|Any CPU
		{A0881736-8C43-47F1-8C0F-B9F2F65E552D}.Debug|Any CPU.ActiveCfg = Debug|Any CPU
		{A0881736-8C43-47F1-8C0F-B9F2F65E552D}.Debug|Any CPU.Build.0 = Debug|Any CPU
		{A0881736-8C43-47F1-8C0F-B9F2F65E552D}.Release|Any CPU.ActiveCfg = Release|Any CPU
		{A0881736-8C43-47F1-8C0F-B9F2F65E552D}.Release|Any CPU.Build.0 = Release|Any CPU
		{FB030AC0-3B0D-4239-B0FB-BADAEE0BBB1C}.Debug|Any CPU.ActiveCfg = Debug|Any CPU
		{FB030AC0-3B0D-4239-B0FB-BADAEE0BBB1C}.Debug|Any CPU.Build.0 = Debug|Any CPU
		{FB030AC0-3B0D-4239-B0FB-BADAEE0BBB1C}.Release|Any CPU.ActiveCfg = Release|Any CPU
		{FB030AC0-3B0D-4239-B0FB-BADAEE0BBB1C}.Release|Any CPU.Build.0 = Release|Any CPU
		{D8EE892E-9001-4EAF-A10A-8098C7D2ED20}.Debug|Any CPU.ActiveCfg = Debug|Any CPU
		{D8EE892E-9001-4EAF-A10A-8098C7D2ED20}.Debug|Any CPU.Build.0 = Debug|Any CPU
		{D8EE892E-9001-4EAF-A10A-8098C7D2ED20}.Release|Any CPU.ActiveCfg = Release|Any CPU
		{D8EE892E-9001-4EAF-A10A-8098C7D2ED20}.Release|Any CPU.Build.0 = Release|Any CPU
		{CEF9BB12-0B0C-4DAF-AA68-D7A03B2B381C}.Debug|Any CPU.ActiveCfg = Debug|Any CPU
		{CEF9BB12-0B0C-4DAF-AA68-D7A03B2B381C}.Debug|Any CPU.Build.0 = Debug|Any CPU
		{CEF9BB12-0B0C-4DAF-AA68-D7A03B2B381C}.Release|Any CPU.ActiveCfg = Release|Any CPU
		{CEF9BB12-0B0C-4DAF-AA68-D7A03B2B381C}.Release|Any CPU.Build.0 = Release|Any CPU
		{62CA66B2-5377-48C7-9A7E-826413DEFABC}.Debug|Any CPU.ActiveCfg = Debug|Any CPU
		{62CA66B2-5377-48C7-9A7E-826413DEFABC}.Debug|Any CPU.Build.0 = Debug|Any CPU
		{62CA66B2-5377-48C7-9A7E-826413DEFABC}.Release|Any CPU.ActiveCfg = Release|Any CPU
		{62CA66B2-5377-48C7-9A7E-826413DEFABC}.Release|Any CPU.Build.0 = Release|Any CPU
		{F8DDAB59-0C64-473C-BF45-E46A476A5039}.Debug|Any CPU.ActiveCfg = Debug|Any CPU
		{F8DDAB59-0C64-473C-BF45-E46A476A5039}.Debug|Any CPU.Build.0 = Debug|Any CPU
		{F8DDAB59-0C64-473C-BF45-E46A476A5039}.Release|Any CPU.ActiveCfg = Release|Any CPU
		{F8DDAB59-0C64-473C-BF45-E46A476A5039}.Release|Any CPU.Build.0 = Release|Any CPU
		{C1A56165-1E51-41A0-B2A4-84B135AA5473}.Debug|Any CPU.ActiveCfg = Debug|Any CPU
		{C1A56165-1E51-41A0-B2A4-84B135AA5473}.Debug|Any CPU.Build.0 = Debug|Any CPU
		{C1A56165-1E51-41A0-B2A4-84B135AA5473}.Release|Any CPU.ActiveCfg = Release|Any CPU
		{C1A56165-1E51-41A0-B2A4-84B135AA5473}.Release|Any CPU.Build.0 = Release|Any CPU
		{9F859BD9-D4C7-4A17-829C-C5E23907C0A6}.Debug|Any CPU.ActiveCfg = Debug|Any CPU
		{9F859BD9-D4C7-4A17-829C-C5E23907C0A6}.Debug|Any CPU.Build.0 = Debug|Any CPU
		{9F859BD9-D4C7-4A17-829C-C5E23907C0A6}.Release|Any CPU.ActiveCfg = Release|Any CPU
		{9F859BD9-D4C7-4A17-829C-C5E23907C0A6}.Release|Any CPU.Build.0 = Release|Any CPU
		{630875B3-2C32-4453-B48C-BB278ED0339C}.Debug|Any CPU.ActiveCfg = Debug|Any CPU
		{630875B3-2C32-4453-B48C-BB278ED0339C}.Debug|Any CPU.Build.0 = Debug|Any CPU
		{630875B3-2C32-4453-B48C-BB278ED0339C}.Release|Any CPU.ActiveCfg = Release|Any CPU
		{630875B3-2C32-4453-B48C-BB278ED0339C}.Release|Any CPU.Build.0 = Release|Any CPU
		{66C83AC4-A786-4DDE-9230-7831A40DD3EA}.Debug|Any CPU.ActiveCfg = Debug|Any CPU
		{66C83AC4-A786-4DDE-9230-7831A40DD3EA}.Debug|Any CPU.Build.0 = Debug|Any CPU
		{66C83AC4-A786-4DDE-9230-7831A40DD3EA}.Release|Any CPU.ActiveCfg = Release|Any CPU
		{66C83AC4-A786-4DDE-9230-7831A40DD3EA}.Release|Any CPU.Build.0 = Release|Any CPU
		{878C6897-33E3-4854-A307-22CC7A39A292}.Debug|Any CPU.ActiveCfg = Debug|Any CPU
		{878C6897-33E3-4854-A307-22CC7A39A292}.Debug|Any CPU.Build.0 = Debug|Any CPU
		{878C6897-33E3-4854-A307-22CC7A39A292}.Release|Any CPU.ActiveCfg = Release|Any CPU
		{878C6897-33E3-4854-A307-22CC7A39A292}.Release|Any CPU.Build.0 = Release|Any CPU
		{C3D8DE74-99A9-4C6A-BB36-387D16B735EB}.Debug|Any CPU.ActiveCfg = Debug|Any CPU
		{C3D8DE74-99A9-4C6A-BB36-387D16B735EB}.Debug|Any CPU.Build.0 = Debug|Any CPU
		{C3D8DE74-99A9-4C6A-BB36-387D16B735EB}.Release|Any CPU.ActiveCfg = Release|Any CPU
		{C3D8DE74-99A9-4C6A-BB36-387D16B735EB}.Release|Any CPU.Build.0 = Release|Any CPU
		{343B0FE6-3287-443B-980B-BF206C85DE50}.Debug|Any CPU.ActiveCfg = Debug|Any CPU
		{343B0FE6-3287-443B-980B-BF206C85DE50}.Debug|Any CPU.Build.0 = Debug|Any CPU
		{343B0FE6-3287-443B-980B-BF206C85DE50}.Release|Any CPU.ActiveCfg = Release|Any CPU
		{343B0FE6-3287-443B-980B-BF206C85DE50}.Release|Any CPU.Build.0 = Release|Any CPU
		{44AA5F01-12B2-495E-B552-C1478139B610}.Debug|Any CPU.ActiveCfg = Debug|Any CPU
		{44AA5F01-12B2-495E-B552-C1478139B610}.Debug|Any CPU.Build.0 = Debug|Any CPU
		{44AA5F01-12B2-495E-B552-C1478139B610}.Release|Any CPU.ActiveCfg = Release|Any CPU
		{44AA5F01-12B2-495E-B552-C1478139B610}.Release|Any CPU.Build.0 = Release|Any CPU
		{31B7198B-70A7-4D30-BF73-FBB69553DDBB}.Debug|Any CPU.ActiveCfg = Debug|Any CPU
		{31B7198B-70A7-4D30-BF73-FBB69553DDBB}.Debug|Any CPU.Build.0 = Debug|Any CPU
		{31B7198B-70A7-4D30-BF73-FBB69553DDBB}.Release|Any CPU.ActiveCfg = Release|Any CPU
		{31B7198B-70A7-4D30-BF73-FBB69553DDBB}.Release|Any CPU.Build.0 = Release|Any CPU
	EndGlobalSection
	GlobalSection(SolutionProperties) = preSolution
		HideSolutionNode = FALSE
	EndGlobalSection
	GlobalSection(NestedProjects) = preSolution
		{9791E717-286F-420C-9B52-93AD2C2BF21A} = {CE7E155F-0FD5-400A-AE03-35E2FE1E00CB}
		{86A9E138-C5CE-4A39-B936-DF43740BF6A8} = {9791E717-286F-420C-9B52-93AD2C2BF21A}
		{93AC4FBE-4D51-45D0-9AA7-BA4477F9C30C} = {CE7E155F-0FD5-400A-AE03-35E2FE1E00CB}
		{536657A1-22B3-4296-98B7-769178898BB4} = {93AC4FBE-4D51-45D0-9AA7-BA4477F9C30C}
		{A40DD949-34D1-44B8-97CD-B419C8686A73} = {CE7E155F-0FD5-400A-AE03-35E2FE1E00CB}
		{A8E48DAD-2F71-472B-B9CE-4A1C951AF430} = {A40DD949-34D1-44B8-97CD-B419C8686A73}
		{1D794029-046D-431A-ABAF-9804527C63F9} = {93AC4FBE-4D51-45D0-9AA7-BA4477F9C30C}
		{826A0286-1B72-4B59-9703-5CD8BB269FF4} = {CE7E155F-0FD5-400A-AE03-35E2FE1E00CB}
		{A0881736-8C43-47F1-8C0F-B9F2F65E552D} = {826A0286-1B72-4B59-9703-5CD8BB269FF4}
		{FB030AC0-3B0D-4239-B0FB-BADAEE0BBB1C} = {A40DD949-34D1-44B8-97CD-B419C8686A73}
		{D8EE892E-9001-4EAF-A10A-8098C7D2ED20} = {826A0286-1B72-4B59-9703-5CD8BB269FF4}
		{9AED8965-2BE7-45D4-9AD7-073ACE45E68A} = {CE7E155F-0FD5-400A-AE03-35E2FE1E00CB}
		{CEF9BB12-0B0C-4DAF-AA68-D7A03B2B381C} = {9AED8965-2BE7-45D4-9AD7-073ACE45E68A}
		{2D0F8A1C-A149-43A7-921E-95DAB25C7259} = {CE7E155F-0FD5-400A-AE03-35E2FE1E00CB}
		{62CA66B2-5377-48C7-9A7E-826413DEFABC} = {2D0F8A1C-A149-43A7-921E-95DAB25C7259}
		{F8DDAB59-0C64-473C-BF45-E46A476A5039} = {2D0F8A1C-A149-43A7-921E-95DAB25C7259}
		{C1A56165-1E51-41A0-B2A4-84B135AA5473} = {9AED8965-2BE7-45D4-9AD7-073ACE45E68A}
		{937D7E5A-2868-408A-8DF1-9954E164C4E3} = {CE7E155F-0FD5-400A-AE03-35E2FE1E00CB}
		{ABCD48EA-1D8D-4C99-91A0-7A21DD324155} = {CE7E155F-0FD5-400A-AE03-35E2FE1E00CB}
		{9F859BD9-D4C7-4A17-829C-C5E23907C0A6} = {ABCD48EA-1D8D-4C99-91A0-7A21DD324155}
		{630875B3-2C32-4453-B48C-BB278ED0339C} = {937D7E5A-2868-408A-8DF1-9954E164C4E3}
		{1696A757-EE7B-4B7F-8AF2-030D853B5A17} = {CE7E155F-0FD5-400A-AE03-35E2FE1E00CB}
		{66C83AC4-A786-4DDE-9230-7831A40DD3EA} = {1696A757-EE7B-4B7F-8AF2-030D853B5A17}
		{878C6897-33E3-4854-A307-22CC7A39A292} = {1696A757-EE7B-4B7F-8AF2-030D853B5A17}
		{10DF9827-08FC-4B48-BB94-8350D5BBC1C2} = {CE7E155F-0FD5-400A-AE03-35E2FE1E00CB}
		{C3D8DE74-99A9-4C6A-BB36-387D16B735EB} = {10DF9827-08FC-4B48-BB94-8350D5BBC1C2}
		{343B0FE6-3287-443B-980B-BF206C85DE50} = {10DF9827-08FC-4B48-BB94-8350D5BBC1C2}
		{44AA5F01-12B2-495E-B552-C1478139B610} = {10DF9827-08FC-4B48-BB94-8350D5BBC1C2}
		{74373AEE-0EBF-4787-8623-7EBE82BE1783} = {CE7E155F-0FD5-400A-AE03-35E2FE1E00CB}
		{31B7198B-70A7-4D30-BF73-FBB69553DDBB} = {74373AEE-0EBF-4787-8623-7EBE82BE1783}
	EndGlobalSection
EndGlobal
