
Microsoft Visual Studio Solution File, Format Version 12.00
# Visual Studio 15
VisualStudioVersion = 15.0.26730.10
MinimumVisualStudioVersion = 10.0.40219.1
Project("{2150E333-8FDC-42A3-9474-1A3956D46DE8}") = "BookSamples", "BookSamples", "{6F163842-D562-4244-B250-8000A1FACF4F}"
EndProject
Project("{2150E333-8FDC-42A3-9474-1A3956D46DE8}") = "Chatper1", "Chatper1", "{C542218E-30BB-4FD4-BC03-94180114A070}"
	ProjectSection(SolutionItems) = preProject
		Chatper1_README.txt = Chatper1_README.txt
	EndProjectSection
EndProject
Project("{FAE04EC0-301F-11D3-BF4B-00C04F79EFBC}") = "Recipe1", "BookSamples\Chapter1\Recipe1\Recipe1.csproj", "{7CFF5D8D-CF98-4CD1-A24C-AC21F6642AA2}"
EndProject
Project("{FAE04EC0-301F-11D3-BF4B-00C04F79EFBC}") = "Recipe2", "BookSamples\Chapter1\Recipe2\Recipe2.csproj", "{2015837D-640A-4F79-9CA3-1F804CFBB6FF}"
EndProject
Project("{FAE04EC0-301F-11D3-BF4B-00C04F79EFBC}") = "Recipe3", "BookSamples\Chapter1\Recipe3\Recipe3.csproj", "{0A42BE6B-6F6C-4812-A269-F81FA4B8752B}"
EndProject
Project("{FAE04EC0-301F-11D3-BF4B-00C04F79EFBC}") = "Recipe4", "BookSamples\Chapter1\Recipe4\Recipe4.csproj", "{6D2FF465-DE76-4FEB-B08E-958EE5EB189E}"
EndProject
Project("{FAE04EC0-301F-11D3-BF4B-00C04F79EFBC}") = "Recipe5", "BookSamples\Chapter1\Recipe5\Recipe5.csproj", "{180CDE0C-0CB7-4507-91B8-8EE171116A74}"
EndProject
Project("{FAE04EC0-301F-11D3-BF4B-00C04F79EFBC}") = "Recipe6", "BookSamples\Chapter1\Recipe6\Recipe6.csproj", "{CEFBF356-4FB8-47F1-8F4A-6CE4CDCF8D3A}"
EndProject
Project("{FAE04EC0-301F-11D3-BF4B-00C04F79EFBC}") = "Recipe7", "BookSamples\Chapter1\Recipe7\Recipe7.csproj", "{340A1F7F-A1D6-4EF8-B73D-5483D3467F66}"
EndProject
Project("{FAE04EC0-301F-11D3-BF4B-00C04F79EFBC}") = "Recipe8", "BookSamples\Chapter1\Recipe8\Recipe8.csproj", "{54FC2FB9-8D74-4418-B8FE-8CB01633EAC8}"
EndProject
Project("{FAE04EC0-301F-11D3-BF4B-00C04F79EFBC}") = "Recipe9", "BookSamples\Chapter1\Recipe9\Recipe9.csproj", "{A49B94C1-D87D-4C8D-A477-FB68A253F17B}"
EndProject
Project("{FAE04EC0-301F-11D3-BF4B-00C04F79EFBC}") = "Recipe10", "BookSamples\Chapter1\Recipe10\Recipe10.csproj", "{5C4A9A98-FE79-4093-873E-6BD4BBEFB83A}"
EndProject
Project("{FAE04EC0-301F-11D3-BF4B-00C04F79EFBC}") = "Recipe11", "BookSamples\Chapter1\Recipe11\Recipe11.csproj", "{514878BA-6B38-4A7F-A91D-6B89CC14BA3F}"
EndProject
Global
	GlobalSection(SolutionConfigurationPlatforms) = preSolution
		Debug|Any CPU = Debug|Any CPU
		Release|Any CPU = Release|Any CPU
	EndGlobalSection
	GlobalSection(ProjectConfigurationPlatforms) = postSolution
		{7CFF5D8D-CF98-4CD1-A24C-AC21F6642AA2}.Debug|Any CPU.ActiveCfg = Debug|Any CPU
		{7CFF5D8D-CF98-4CD1-A24C-AC21F6642AA2}.Debug|Any CPU.Build.0 = Debug|Any CPU
		{7CFF5D8D-CF98-4CD1-A24C-AC21F6642AA2}.Release|Any CPU.ActiveCfg = Release|Any CPU
		{7CFF5D8D-CF98-4CD1-A24C-AC21F6642AA2}.Release|Any CPU.Build.0 = Release|Any CPU
		{2015837D-640A-4F79-9CA3-1F804CFBB6FF}.Debug|Any CPU.ActiveCfg = Debug|Any CPU
		{2015837D-640A-4F79-9CA3-1F804CFBB6FF}.Debug|Any CPU.Build.0 = Debug|Any CPU
		{2015837D-640A-4F79-9CA3-1F804CFBB6FF}.Release|Any CPU.ActiveCfg = Release|Any CPU
		{2015837D-640A-4F79-9CA3-1F804CFBB6FF}.Release|Any CPU.Build.0 = Release|Any CPU
		{0A42BE6B-6F6C-4812-A269-F81FA4B8752B}.Debug|Any CPU.ActiveCfg = Debug|Any CPU
		{0A42BE6B-6F6C-4812-A269-F81FA4B8752B}.Debug|Any CPU.Build.0 = Debug|Any CPU
		{0A42BE6B-6F6C-4812-A269-F81FA4B8752B}.Release|Any CPU.ActiveCfg = Release|Any CPU
		{0A42BE6B-6F6C-4812-A269-F81FA4B8752B}.Release|Any CPU.Build.0 = Release|Any CPU
		{6D2FF465-DE76-4FEB-B08E-958EE5EB189E}.Debug|Any CPU.ActiveCfg = Debug|Any CPU
		{6D2FF465-DE76-4FEB-B08E-958EE5EB189E}.Debug|Any CPU.Build.0 = Debug|Any CPU
		{6D2FF465-DE76-4FEB-B08E-958EE5EB189E}.Release|Any CPU.ActiveCfg = Release|Any CPU
		{6D2FF465-DE76-4FEB-B08E-958EE5EB189E}.Release|Any CPU.Build.0 = Release|Any CPU
		{180CDE0C-0CB7-4507-91B8-8EE171116A74}.Debug|Any CPU.ActiveCfg = Debug|Any CPU
		{180CDE0C-0CB7-4507-91B8-8EE171116A74}.Debug|Any CPU.Build.0 = Debug|Any CPU
		{180CDE0C-0CB7-4507-91B8-8EE171116A74}.Release|Any CPU.ActiveCfg = Release|Any CPU
		{180CDE0C-0CB7-4507-91B8-8EE171116A74}.Release|Any CPU.Build.0 = Release|Any CPU
		{CEFBF356-4FB8-47F1-8F4A-6CE4CDCF8D3A}.Debug|Any CPU.ActiveCfg = Debug|Any CPU
		{CEFBF356-4FB8-47F1-8F4A-6CE4CDCF8D3A}.Debug|Any CPU.Build.0 = Debug|Any CPU
		{CEFBF356-4FB8-47F1-8F4A-6CE4CDCF8D3A}.Release|Any CPU.ActiveCfg = Release|Any CPU
		{CEFBF356-4FB8-47F1-8F4A-6CE4CDCF8D3A}.Release|Any CPU.Build.0 = Release|Any CPU
		{340A1F7F-A1D6-4EF8-B73D-5483D3467F66}.Debug|Any CPU.ActiveCfg = Debug|Any CPU
		{340A1F7F-A1D6-4EF8-B73D-5483D3467F66}.Debug|Any CPU.Build.0 = Debug|Any CPU
		{340A1F7F-A1D6-4EF8-B73D-5483D3467F66}.Release|Any CPU.ActiveCfg = Release|Any CPU
		{340A1F7F-A1D6-4EF8-B73D-5483D3467F66}.Release|Any CPU.Build.0 = Release|Any CPU
		{54FC2FB9-8D74-4418-B8FE-8CB01633EAC8}.Debug|Any CPU.ActiveCfg = Debug|Any CPU
		{54FC2FB9-8D74-4418-B8FE-8CB01633EAC8}.Debug|Any CPU.Build.0 = Debug|Any CPU
		{54FC2FB9-8D74-4418-B8FE-8CB01633EAC8}.Release|Any CPU.ActiveCfg = Release|Any CPU
		{54FC2FB9-8D74-4418-B8FE-8CB01633EAC8}.Release|Any CPU.Build.0 = Release|Any CPU
		{A49B94C1-D87D-4C8D-A477-FB68A253F17B}.Debug|Any CPU.ActiveCfg = Debug|Any CPU
		{A49B94C1-D87D-4C8D-A477-FB68A253F17B}.Debug|Any CPU.Build.0 = Debug|Any CPU
		{A49B94C1-D87D-4C8D-A477-FB68A253F17B}.Release|Any CPU.ActiveCfg = Release|Any CPU
		{A49B94C1-D87D-4C8D-A477-FB68A253F17B}.Release|Any CPU.Build.0 = Release|Any CPU
		{5C4A9A98-FE79-4093-873E-6BD4BBEFB83A}.Debug|Any CPU.ActiveCfg = Debug|Any CPU
		{5C4A9A98-FE79-4093-873E-6BD4BBEFB83A}.Debug|Any CPU.Build.0 = Debug|Any CPU
		{5C4A9A98-FE79-4093-873E-6BD4BBEFB83A}.Release|Any CPU.ActiveCfg = Release|Any CPU
		{5C4A9A98-FE79-4093-873E-6BD4BBEFB83A}.Release|Any CPU.Build.0 = Release|Any CPU
		{514878BA-6B38-4A7F-A91D-6B89CC14BA3F}.Debug|Any CPU.ActiveCfg = Debug|Any CPU
		{514878BA-6B38-4A7F-A91D-6B89CC14BA3F}.Debug|Any CPU.Build.0 = Debug|Any CPU
		{514878BA-6B38-4A7F-A91D-6B89CC14BA3F}.Release|Any CPU.ActiveCfg = Release|Any CPU
		{514878BA-6B38-4A7F-A91D-6B89CC14BA3F}.Release|Any CPU.Build.0 = Release|Any CPU
	EndGlobalSection
	GlobalSection(SolutionProperties) = preSolution
		HideSolutionNode = FALSE
	EndGlobalSection
	GlobalSection(NestedProjects) = preSolution
		{C542218E-30BB-4FD4-BC03-94180114A070} = {6F163842-D562-4244-B250-8000A1FACF4F}
		{7CFF5D8D-CF98-4CD1-A24C-AC21F6642AA2} = {C542218E-30BB-4FD4-BC03-94180114A070}
		{2015837D-640A-4F79-9CA3-1F804CFBB6FF} = {C542218E-30BB-4FD4-BC03-94180114A070}
		{0A42BE6B-6F6C-4812-A269-F81FA4B8752B} = {C542218E-30BB-4FD4-BC03-94180114A070}
		{6D2FF465-DE76-4FEB-B08E-958EE5EB189E} = {C542218E-30BB-4FD4-BC03-94180114A070}
		{180CDE0C-0CB7-4507-91B8-8EE171116A74} = {C542218E-30BB-4FD4-BC03-94180114A070}
		{CEFBF356-4FB8-47F1-8F4A-6CE4CDCF8D3A} = {C542218E-30BB-4FD4-BC03-94180114A070}
		{340A1F7F-A1D6-4EF8-B73D-5483D3467F66} = {C542218E-30BB-4FD4-BC03-94180114A070}
		{54FC2FB9-8D74-4418-B8FE-8CB01633EAC8} = {C542218E-30BB-4FD4-BC03-94180114A070}
		{A49B94C1-D87D-4C8D-A477-FB68A253F17B} = {C542218E-30BB-4FD4-BC03-94180114A070}
		{5C4A9A98-FE79-4093-873E-6BD4BBEFB83A} = {C542218E-30BB-4FD4-BC03-94180114A070}
		{514878BA-6B38-4A7F-A91D-6B89CC14BA3F} = {C542218E-30BB-4FD4-BC03-94180114A070}
	EndGlobalSection
	GlobalSection(ExtensibilityGlobals) = postSolution
		SolutionGuid = {3D977E53-EB70-48BF-93A7-682E504A2415}
	EndGlobalSection
EndGlobal
