
Microsoft Visual Studio Solution File, Format Version 12.00
# Visual Studio 15
VisualStudioVersion = 15.0.26730.10
MinimumVisualStudioVersion = 10.0.40219.1
Project("{2150E333-8FDC-42A3-9474-1A3956D46DE8}") = "SampleProjects", "SampleProjects", "{A186EA5F-0E26-4E54-81F8-B8EAE5DC4C52}"
EndProject
Project("{2150E333-8FDC-42A3-9474-1A3956D46DE8}") = "Fundamentals", "Fundamentals", "{5BA625D7-B2C0-45DD-B65D-A0E0A9807B8E}"
EndProject
Project("{2150E333-8FDC-42A3-9474-1A3956D46DE8}") = "Chapter2.Middleware", "Chapter2.Middleware", "{B0F6C46A-3260-497E-8FA5-8461166A7CD9}"
EndProject
Project("{2150E333-8FDC-42A3-9474-1A3956D46DE8}") = "Chapter1.Startup", "Chapter1.Startup", "{57B6C0AD-554A-4762-A7B3-93115E281381}"
EndProject
Project("{9A19103F-16F7-4668-BE54-9A1E7A4F7556}") = "Recipe1.StartupSample", "Fundamentals\Chapter1.Startup\Recipe1.StartupSample\Recipe1.StartupSample.csproj", "{B1E38DEC-0F32-457C-B7D2-A58B002255BB}"
EndProject
Project("{9A19103F-16F7-4668-BE54-9A1E7A4F7556}") = "WebApp", "SampleProjects\WebApp\WebApp.csproj", "{478A998E-3216-4A49-AB59-A326D3EF5778}"
EndProject
Project("{9A19103F-16F7-4668-BE54-9A1E7A4F7556}") = "Recipe1.Middleware.Run.Sample", "Fundamentals\Chapter2.Middleware\Recipe1.Middleware.Run.Sample\Recipe1.Middleware.Run.Sample.csproj", "{5D64B200-8F82-453F-B56B-FBC8987ACB45}"
EndProject
Project("{9A19103F-16F7-4668-BE54-9A1E7A4F7556}") = "Recipe2.Middleware.Use.Sample", "Fundamentals\Chapter2.Middleware\Recipe2.Middleware.Use.Sample\Recipe2.Middleware.Use.Sample.csproj", "{93954618-DFB2-47EB-A525-6EE4D43AC8DE}"
EndProject
Project("{9A19103F-16F7-4668-BE54-9A1E7A4F7556}") = "Recipe3.Middleware.Map.Sample", "Fundamentals\Chapter2.Middleware\Recipe3.Middleware.Map.Sample\Recipe3.Middleware.Map.Sample.csproj", "{884F2C0A-1D72-4D42-83BB-BFF7C5976D93}"
EndProject
Project("{9A19103F-16F7-4668-BE54-9A1E7A4F7556}") = "Recipe3.Middleware.Map.Sample2", "Fundamentals\Chapter2.Middleware\Recipe3.Middleware.Map.Sample2\Recipe3.Middleware.Map.Sample2.csproj", "{416DC2DC-61FC-41F6-AD3F-F7850C63E703}"
EndProject
Project("{9A19103F-16F7-4668-BE54-9A1E7A4F7556}") = "Recipe4.Middleware.MapWhen.Sample", "Fundamentals\Chapter2.Middleware\Recipe4.Middleware.MapWhen.Sample\Recipe4.Middleware.MapWhen.Sample.csproj", "{71A008C3-74B6-4C27-933E-E5C0E9280898}"
EndProject
Project("{9A19103F-16F7-4668-BE54-9A1E7A4F7556}") = "Recipe5.Middleware.Customer.Sample", "Fundamentals\Chapter2.Middleware\Recipe5.Middleware.Customer.Sample\Recipe5.Middleware.Customer.Sample.csproj", "{1D06E133-B8C5-4328-84B7-E114A5C0F667}"
EndProject
Project("{9A19103F-16F7-4668-BE54-9A1E7A4F7556}") = "Recipe6.Middleware.ExtensionMethod", "Fundamentals\Chapter2.Middleware\Recipe6.Middleware.ExtensionMethod\Recipe6.Middleware.ExtensionMethod.csproj", "{73B4F573-A7EF-4948-8CB6-23B05EDBE34B}"
EndProject
Project("{2150E333-8FDC-42A3-9474-1A3956D46DE8}") = "Chapter0.Program", "Chapter0.Program", "{1B407D1A-0027-430A-B126-B3A43E485D17}"
EndProject
Project("{FAE04EC0-301F-11D3-BF4B-00C04F79EFBC}") = "Recipe1.Program.Sample", "Fundamentals\Chapter0.Program\Recipe1.Program.Sample\Recipe1.Program.Sample.csproj", "{401B7529-30CB-45DA-A777-C77E0D824894}"
EndProject
Project("{2150E333-8FDC-42A3-9474-1A3956D46DE8}") = "Chapter3.StaticFiles", "Chapter3.StaticFiles", "{0C3E3425-E669-48E8-9D71-4CE3605390E6}"
EndProject
Project("{FAE04EC0-301F-11D3-BF4B-00C04F79EFBC}") = "Recipe1.StaticFiles.UseCustomerFolder", "Fundamentals\Chapter3.StaticFiles\Recipe1.StaticFiles.UseCustomerFolder\Recipe1.StaticFiles.UseCustomerFolder.csproj", "{59F1B38D-6F6D-46BA-8E91-3D861B95D901}"
EndProject
Project("{FAE04EC0-301F-11D3-BF4B-00C04F79EFBC}") = "Recipe2.StaticFiles.DirectoryBrowsing", "Fundamentals\Chapter3.StaticFiles\Recipe2.StaticFiles.DirectoryBrowsing\Recipe2.StaticFiles.DirectoryBrowsing.csproj", "{BC63AFBC-4A72-48E2-9FC9-7BD7F7836343}"
EndProject
Global
	GlobalSection(SolutionConfigurationPlatforms) = preSolution
		Debug|Any CPU = Debug|Any CPU
		Release|Any CPU = Release|Any CPU
	EndGlobalSection
	GlobalSection(ProjectConfigurationPlatforms) = postSolution
		{B1E38DEC-0F32-457C-B7D2-A58B002255BB}.Debug|Any CPU.ActiveCfg = Debug|Any CPU
		{B1E38DEC-0F32-457C-B7D2-A58B002255BB}.Debug|Any CPU.Build.0 = Debug|Any CPU
		{B1E38DEC-0F32-457C-B7D2-A58B002255BB}.Release|Any CPU.ActiveCfg = Release|Any CPU
		{B1E38DEC-0F32-457C-B7D2-A58B002255BB}.Release|Any CPU.Build.0 = Release|Any CPU
		{478A998E-3216-4A49-AB59-A326D3EF5778}.Debug|Any CPU.ActiveCfg = Debug|Any CPU
		{478A998E-3216-4A49-AB59-A326D3EF5778}.Debug|Any CPU.Build.0 = Debug|Any CPU
		{478A998E-3216-4A49-AB59-A326D3EF5778}.Release|Any CPU.ActiveCfg = Release|Any CPU
		{478A998E-3216-4A49-AB59-A326D3EF5778}.Release|Any CPU.Build.0 = Release|Any CPU
		{5D64B200-8F82-453F-B56B-FBC8987ACB45}.Debug|Any CPU.ActiveCfg = Debug|Any CPU
		{5D64B200-8F82-453F-B56B-FBC8987ACB45}.Debug|Any CPU.Build.0 = Debug|Any CPU
		{5D64B200-8F82-453F-B56B-FBC8987ACB45}.Release|Any CPU.ActiveCfg = Release|Any CPU
		{5D64B200-8F82-453F-B56B-FBC8987ACB45}.Release|Any CPU.Build.0 = Release|Any CPU
		{93954618-DFB2-47EB-A525-6EE4D43AC8DE}.Debug|Any CPU.ActiveCfg = Debug|Any CPU
		{93954618-DFB2-47EB-A525-6EE4D43AC8DE}.Debug|Any CPU.Build.0 = Debug|Any CPU
		{93954618-DFB2-47EB-A525-6EE4D43AC8DE}.Release|Any CPU.ActiveCfg = Release|Any CPU
		{93954618-DFB2-47EB-A525-6EE4D43AC8DE}.Release|Any CPU.Build.0 = Release|Any CPU
		{884F2C0A-1D72-4D42-83BB-BFF7C5976D93}.Debug|Any CPU.ActiveCfg = Debug|Any CPU
		{884F2C0A-1D72-4D42-83BB-BFF7C5976D93}.Debug|Any CPU.Build.0 = Debug|Any CPU
		{884F2C0A-1D72-4D42-83BB-BFF7C5976D93}.Release|Any CPU.ActiveCfg = Release|Any CPU
		{884F2C0A-1D72-4D42-83BB-BFF7C5976D93}.Release|Any CPU.Build.0 = Release|Any CPU
		{416DC2DC-61FC-41F6-AD3F-F7850C63E703}.Debug|Any CPU.ActiveCfg = Debug|Any CPU
		{416DC2DC-61FC-41F6-AD3F-F7850C63E703}.Debug|Any CPU.Build.0 = Debug|Any CPU
		{416DC2DC-61FC-41F6-AD3F-F7850C63E703}.Release|Any CPU.ActiveCfg = Release|Any CPU
		{416DC2DC-61FC-41F6-AD3F-F7850C63E703}.Release|Any CPU.Build.0 = Release|Any CPU
		{71A008C3-74B6-4C27-933E-E5C0E9280898}.Debug|Any CPU.ActiveCfg = Debug|Any CPU
		{71A008C3-74B6-4C27-933E-E5C0E9280898}.Debug|Any CPU.Build.0 = Debug|Any CPU
		{71A008C3-74B6-4C27-933E-E5C0E9280898}.Release|Any CPU.ActiveCfg = Release|Any CPU
		{71A008C3-74B6-4C27-933E-E5C0E9280898}.Release|Any CPU.Build.0 = Release|Any CPU
		{1D06E133-B8C5-4328-84B7-E114A5C0F667}.Debug|Any CPU.ActiveCfg = Debug|Any CPU
		{1D06E133-B8C5-4328-84B7-E114A5C0F667}.Debug|Any CPU.Build.0 = Debug|Any CPU
		{1D06E133-B8C5-4328-84B7-E114A5C0F667}.Release|Any CPU.ActiveCfg = Release|Any CPU
		{1D06E133-B8C5-4328-84B7-E114A5C0F667}.Release|Any CPU.Build.0 = Release|Any CPU
		{73B4F573-A7EF-4948-8CB6-23B05EDBE34B}.Debug|Any CPU.ActiveCfg = Debug|Any CPU
		{73B4F573-A7EF-4948-8CB6-23B05EDBE34B}.Debug|Any CPU.Build.0 = Debug|Any CPU
		{73B4F573-A7EF-4948-8CB6-23B05EDBE34B}.Release|Any CPU.ActiveCfg = Release|Any CPU
		{73B4F573-A7EF-4948-8CB6-23B05EDBE34B}.Release|Any CPU.Build.0 = Release|Any CPU
		{401B7529-30CB-45DA-A777-C77E0D824894}.Debug|Any CPU.ActiveCfg = Debug|Any CPU
		{401B7529-30CB-45DA-A777-C77E0D824894}.Debug|Any CPU.Build.0 = Debug|Any CPU
		{401B7529-30CB-45DA-A777-C77E0D824894}.Release|Any CPU.ActiveCfg = Release|Any CPU
		{401B7529-30CB-45DA-A777-C77E0D824894}.Release|Any CPU.Build.0 = Release|Any CPU
		{59F1B38D-6F6D-46BA-8E91-3D861B95D901}.Debug|Any CPU.ActiveCfg = Debug|Any CPU
		{59F1B38D-6F6D-46BA-8E91-3D861B95D901}.Debug|Any CPU.Build.0 = Debug|Any CPU
		{59F1B38D-6F6D-46BA-8E91-3D861B95D901}.Release|Any CPU.ActiveCfg = Release|Any CPU
		{59F1B38D-6F6D-46BA-8E91-3D861B95D901}.Release|Any CPU.Build.0 = Release|Any CPU
		{BC63AFBC-4A72-48E2-9FC9-7BD7F7836343}.Debug|Any CPU.ActiveCfg = Debug|Any CPU
		{BC63AFBC-4A72-48E2-9FC9-7BD7F7836343}.Debug|Any CPU.Build.0 = Debug|Any CPU
		{BC63AFBC-4A72-48E2-9FC9-7BD7F7836343}.Release|Any CPU.ActiveCfg = Release|Any CPU
		{BC63AFBC-4A72-48E2-9FC9-7BD7F7836343}.Release|Any CPU.Build.0 = Release|Any CPU
	EndGlobalSection
	GlobalSection(SolutionProperties) = preSolution
		HideSolutionNode = FALSE
	EndGlobalSection
	GlobalSection(NestedProjects) = preSolution
		{B0F6C46A-3260-497E-8FA5-8461166A7CD9} = {5BA625D7-B2C0-45DD-B65D-A0E0A9807B8E}
		{57B6C0AD-554A-4762-A7B3-93115E281381} = {5BA625D7-B2C0-45DD-B65D-A0E0A9807B8E}
		{B1E38DEC-0F32-457C-B7D2-A58B002255BB} = {57B6C0AD-554A-4762-A7B3-93115E281381}
		{478A998E-3216-4A49-AB59-A326D3EF5778} = {A186EA5F-0E26-4E54-81F8-B8EAE5DC4C52}
		{5D64B200-8F82-453F-B56B-FBC8987ACB45} = {B0F6C46A-3260-497E-8FA5-8461166A7CD9}
		{93954618-DFB2-47EB-A525-6EE4D43AC8DE} = {B0F6C46A-3260-497E-8FA5-8461166A7CD9}
		{884F2C0A-1D72-4D42-83BB-BFF7C5976D93} = {B0F6C46A-3260-497E-8FA5-8461166A7CD9}
		{416DC2DC-61FC-41F6-AD3F-F7850C63E703} = {B0F6C46A-3260-497E-8FA5-8461166A7CD9}
		{71A008C3-74B6-4C27-933E-E5C0E9280898} = {B0F6C46A-3260-497E-8FA5-8461166A7CD9}
		{1D06E133-B8C5-4328-84B7-E114A5C0F667} = {B0F6C46A-3260-497E-8FA5-8461166A7CD9}
		{73B4F573-A7EF-4948-8CB6-23B05EDBE34B} = {B0F6C46A-3260-497E-8FA5-8461166A7CD9}
		{1B407D1A-0027-430A-B126-B3A43E485D17} = {5BA625D7-B2C0-45DD-B65D-A0E0A9807B8E}
		{401B7529-30CB-45DA-A777-C77E0D824894} = {1B407D1A-0027-430A-B126-B3A43E485D17}
		{0C3E3425-E669-48E8-9D71-4CE3605390E6} = {5BA625D7-B2C0-45DD-B65D-A0E0A9807B8E}
		{59F1B38D-6F6D-46BA-8E91-3D861B95D901} = {0C3E3425-E669-48E8-9D71-4CE3605390E6}
		{BC63AFBC-4A72-48E2-9FC9-7BD7F7836343} = {0C3E3425-E669-48E8-9D71-4CE3605390E6}
	EndGlobalSection
	GlobalSection(ExtensibilityGlobals) = postSolution
		SolutionGuid = {63FE0DBD-1E65-415C-8903-8645B469BCB0}
	EndGlobalSection
EndGlobal
